
Microsoft Visual Studio Solution File, Format Version 12.00
# Visual Studio Version 17
VisualStudioVersion = 17.13.35913.81 d17.13
MinimumVisualStudioVersion = 10.0.40219.1
Project("{FAE04EC0-301F-11D3-BF4B-00C04F79EFBC}") = "CustomerManagement", "CustomerManagement\CustomerManagement.csproj", "{D925D931-1248-41C9-92A4-22F29680EFC6}"
EndProject
Global
	GlobalSection(SolutionConfigurationPlatforms) = preSolution
		Debug|Any CPU = Debug|Any CPU
		Release|Any CPU = Release|Any CPU
	EndGlobalSection
	GlobalSection(ProjectConfigurationPlatforms) = postSolution
		{D925D931-1248-41C9-92A4-22F29680EFC6}.Debug|Any CPU.ActiveCfg = Debug|Any CPU
		{D925D931-1248-41C9-92A4-22F29680EFC6}.Debug|Any CPU.Build.0 = Debug|Any CPU
		{D925D931-1248-41C9-92A4-22F29680EFC6}.Release|Any CPU.ActiveCfg = Release|Any CPU
		{D925D931-1248-41C9-92A4-22F29680EFC6}.Release|Any CPU.Build.0 = Release|Any CPU
	EndGlobalSection
	GlobalSection(SolutionProperties) = preSolution
		HideSolutionNode = FALSE
	EndGlobalSection
	GlobalSection(ExtensibilityGlobals) = postSolution
		SolutionGuid = {E6339452-A758-4748-828B-F1DFD1421892}
	EndGlobalSection
EndGlobal
