
Microsoft Visual Studio Solution File, Format Version 12.00
# Visual Studio Version 17
VisualStudioVersion = 17.13.35825.156 d17.13
MinimumVisualStudioVersion = 10.0.40219.1
Project("{FAE04EC0-301F-11D3-BF4B-00C04F79EFBC}") = "Queue-RandomNumbers", "Queue-RandomNumbers\Queue-RandomNumbers.csproj", "{7C32ACC0-9BAC-4CC1-9A3D-E829448B17FB}"
EndProject
Global
	GlobalSection(SolutionConfigurationPlatforms) = preSolution
		Debug|Any CPU = Debug|Any CPU
		Release|Any CPU = Release|Any CPU
	EndGlobalSection
	GlobalSection(ProjectConfigurationPlatforms) = postSolution
		{7C32ACC0-9BAC-4CC1-9A3D-E829448B17FB}.Debug|Any CPU.ActiveCfg = Debug|Any CPU
		{7C32ACC0-9BAC-4CC1-9A3D-E829448B17FB}.Debug|Any CPU.Build.0 = Debug|Any CPU
		{7C32ACC0-9BAC-4CC1-9A3D-E829448B17FB}.Release|Any CPU.ActiveCfg = Release|Any CPU
		{7C32ACC0-9BAC-4CC1-9A3D-E829448B17FB}.Release|Any CPU.Build.0 = Release|Any CPU
	EndGlobalSection
	GlobalSection(SolutionProperties) = preSolution
		HideSolutionNode = FALSE
	EndGlobalSection
	GlobalSection(ExtensibilityGlobals) = postSolution
		SolutionGuid = {4722E056-E6D3-497F-88E3-62B15EFDC997}
	EndGlobalSection
EndGlobal
